
Microsoft Visual Studio Solution File, Format Version 12.00
# Visual Studio Version 17
VisualStudioVersion = 17.1.32421.90
MinimumVisualStudioVersion = 10.0.40219.1
Project("{FAE04EC0-301F-11D3-BF4B-00C04F79EFBC}") = "OOP nakladak", "OOP nakladak\OOP nakladak.csproj", "{A816F27D-702A-475D-930A-A4A130B26BCD}"
EndProject
Global
	GlobalSection(SolutionConfigurationPlatforms) = preSolution
		Debug|Any CPU = Debug|Any CPU
		Release|Any CPU = Release|Any CPU
	EndGlobalSection
	GlobalSection(ProjectConfigurationPlatforms) = postSolution
		{A816F27D-702A-475D-930A-A4A130B26BCD}.Debug|Any CPU.ActiveCfg = Debug|Any CPU
		{A816F27D-702A-475D-930A-A4A130B26BCD}.Debug|Any CPU.Build.0 = Debug|Any CPU
		{A816F27D-702A-475D-930A-A4A130B26BCD}.Release|Any CPU.ActiveCfg = Release|Any CPU
		{A816F27D-702A-475D-930A-A4A130B26BCD}.Release|Any CPU.Build.0 = Release|Any CPU
	EndGlobalSection
	GlobalSection(SolutionProperties) = preSolution
		HideSolutionNode = FALSE
	EndGlobalSection
	GlobalSection(ExtensibilityGlobals) = postSolution
		SolutionGuid = {E5850471-F074-4D59-9A7D-9697A761D18B}
	EndGlobalSection
EndGlobal
